
Microsoft Visual Studio Solution File, Format Version 12.00
# Visual Studio Version 17
VisualStudioVersion = 17.4.33213.308
MinimumVisualStudioVersion = 10.0.40219.1
Project("{FAE04EC0-301F-11D3-BF4B-00C04F79EFBC}") = "kolko_i_krzyzyk_lan", "kolko_i_krzyzyk_lan\kolko_i_krzyzyk_lan.csproj", "{CA2BE291-AC8F-4A19-ADFB-A0CE9B4495B9}"
EndProject
Global
	GlobalSection(SolutionConfigurationPlatforms) = preSolution
		Debug|Any CPU = Debug|Any CPU
		Release|Any CPU = Release|Any CPU
	EndGlobalSection
	GlobalSection(ProjectConfigurationPlatforms) = postSolution
		{CA2BE291-AC8F-4A19-ADFB-A0CE9B4495B9}.Debug|Any CPU.ActiveCfg = Debug|Any CPU
		{CA2BE291-AC8F-4A19-ADFB-A0CE9B4495B9}.Debug|Any CPU.Build.0 = Debug|Any CPU
		{CA2BE291-AC8F-4A19-ADFB-A0CE9B4495B9}.Release|Any CPU.ActiveCfg = Release|Any CPU
		{CA2BE291-AC8F-4A19-ADFB-A0CE9B4495B9}.Release|Any CPU.Build.0 = Release|Any CPU
	EndGlobalSection
	GlobalSection(SolutionProperties) = preSolution
		HideSolutionNode = FALSE
	EndGlobalSection
	GlobalSection(ExtensibilityGlobals) = postSolution
		SolutionGuid = {1230C2A5-A450-4BC6-9F20-3ED31B39B32C}
	EndGlobalSection
EndGlobal
